
Microsoft Visual Studio Solution File, Format Version 12.00
# Visual Studio Version 17
VisualStudioVersion = 17.2.32616.157
MinimumVisualStudioVersion = 10.0.40219.1
Project("{FAE04EC0-301F-11D3-BF4B-00C04F79EFBC}") = "OpenSilverMemoryLeak.Browser", "OpenSilverMemoryLeak.Browser\OpenSilverMemoryLeak.Browser.csproj", "{B3C681AC-77DA-47A0-B844-5CD2C5F37B7E}"
EndProject
Project("{FAE04EC0-301F-11D3-BF4B-00C04F79EFBC}") = "OpenSilverMemoryLeak", "OpenSilverMemoryLeak\OpenSilverMemoryLeak.csproj", "{941B1664-5BA6-4A94-BE7B-A7A30E9B3228}"
EndProject
Project("{FAE04EC0-301F-11D3-BF4B-00C04F79EFBC}") = "OpenSilverMemoryLeak.Simulator", "OpenSilverMemoryLeak.Simulator\OpenSilverMemoryLeak.Simulator.csproj", "{6ABD3E60-1F6A-4ACF-A214-2B2D145B3AC6}"
EndProject
Global
	GlobalSection(SolutionConfigurationPlatforms) = preSolution
		Debug|Any CPU = Debug|Any CPU
		Release|Any CPU = Release|Any CPU
	EndGlobalSection
	GlobalSection(ProjectConfigurationPlatforms) = postSolution
		{B3C681AC-77DA-47A0-B844-5CD2C5F37B7E}.Debug|Any CPU.ActiveCfg = Debug|Any CPU
		{B3C681AC-77DA-47A0-B844-5CD2C5F37B7E}.Debug|Any CPU.Build.0 = Debug|Any CPU
		{B3C681AC-77DA-47A0-B844-5CD2C5F37B7E}.Release|Any CPU.ActiveCfg = Release|Any CPU
		{B3C681AC-77DA-47A0-B844-5CD2C5F37B7E}.Release|Any CPU.Build.0 = Release|Any CPU
		{941B1664-5BA6-4A94-BE7B-A7A30E9B3228}.Debug|Any CPU.ActiveCfg = Debug|Any CPU
		{941B1664-5BA6-4A94-BE7B-A7A30E9B3228}.Debug|Any CPU.Build.0 = Debug|Any CPU
		{941B1664-5BA6-4A94-BE7B-A7A30E9B3228}.Release|Any CPU.ActiveCfg = Release|Any CPU
		{941B1664-5BA6-4A94-BE7B-A7A30E9B3228}.Release|Any CPU.Build.0 = Release|Any CPU
		{6ABD3E60-1F6A-4ACF-A214-2B2D145B3AC6}.Debug|Any CPU.ActiveCfg = Debug|Any CPU
		{6ABD3E60-1F6A-4ACF-A214-2B2D145B3AC6}.Debug|Any CPU.Build.0 = Debug|Any CPU
		{6ABD3E60-1F6A-4ACF-A214-2B2D145B3AC6}.Release|Any CPU.ActiveCfg = Release|Any CPU
		{6ABD3E60-1F6A-4ACF-A214-2B2D145B3AC6}.Release|Any CPU.Build.0 = Release|Any CPU
	EndGlobalSection
	GlobalSection(SolutionProperties) = preSolution
		HideSolutionNode = FALSE
	EndGlobalSection
	GlobalSection(ExtensibilityGlobals) = postSolution
		SolutionGuid = {FBFBE473-FA7E-487F-AB34-3C01BC279CF5}
	EndGlobalSection
EndGlobal
